# THIS IS AN AUTOGENERATED FILE. DO NOT EDIT THIS FILE DIRECTLY.
# yarn lockfile v1


"@types/lodash@^4.14.185":
  version "4.14.185"
  resolved "https://registry.yarnpkg.com/@types/lodash/-/lodash-4.14.185.tgz#c9843f5a40703a8f5edfd53358a58ae729816908"
  integrity sha512-evMDG1bC4rgQg4ku9tKpuMh5iBNEwNa3tf9zRHdP1qlv+1WUg44xat4IxCE14gIpZRGUUWAx2VhItCZc25NfMA==
